
Microsoft Visual Studio Solution File, Format Version 12.00
# Visual Studio Version 16
VisualStudioVersion = 16.0.31729.503
MinimumVisualStudioVersion = 10.0.40219.1
Project("{FAE04EC0-301F-11D3-BF4B-00C04F79EFBC}") = "estudos_interface", "estudos_interface.csproj", "{78260F54-D969-4107-A538-6198A118A5D5}"
EndProject
Global
	GlobalSection(SolutionConfigurationPlatforms) = preSolution
		Debug|Any CPU = Debug|Any CPU
		Release|Any CPU = Release|Any CPU
	EndGlobalSection
	GlobalSection(ProjectConfigurationPlatforms) = postSolution
		{78260F54-D969-4107-A538-6198A118A5D5}.Debug|Any CPU.ActiveCfg = Debug|Any CPU
		{78260F54-D969-4107-A538-6198A118A5D5}.Debug|Any CPU.Build.0 = Debug|Any CPU
		{78260F54-D969-4107-A538-6198A118A5D5}.Release|Any CPU.ActiveCfg = Release|Any CPU
		{78260F54-D969-4107-A538-6198A118A5D5}.Release|Any CPU.Build.0 = Release|Any CPU
	EndGlobalSection
	GlobalSection(SolutionProperties) = preSolution
		HideSolutionNode = FALSE
	EndGlobalSection
	GlobalSection(ExtensibilityGlobals) = postSolution
		SolutionGuid = {C026D93A-C94E-490D-B998-7FEA26C06B00}
	EndGlobalSection
EndGlobal
